
Microsoft Visual Studio Solution File, Format Version 12.00
# Visual Studio Version 17
VisualStudioVersion = 17.8.34330.188
MinimumVisualStudioVersion = 10.0.40219.1
Project("{FAE04EC0-301F-11D3-BF4B-00C04F79EFBC}") = "ProjeDeneyimi1", "ProjeDeneyimi1.csproj", "{CEC10E10-4208-4476-97E3-31FFF4CF2A4D}"
EndProject
Global
	GlobalSection(SolutionConfigurationPlatforms) = preSolution
		Debug|Any CPU = Debug|Any CPU
		Release|Any CPU = Release|Any CPU
	EndGlobalSection
	GlobalSection(ProjectConfigurationPlatforms) = postSolution
		{CEC10E10-4208-4476-97E3-31FFF4CF2A4D}.Debug|Any CPU.ActiveCfg = Debug|Any CPU
		{CEC10E10-4208-4476-97E3-31FFF4CF2A4D}.Debug|Any CPU.Build.0 = Debug|Any CPU
		{CEC10E10-4208-4476-97E3-31FFF4CF2A4D}.Release|Any CPU.ActiveCfg = Release|Any CPU
		{CEC10E10-4208-4476-97E3-31FFF4CF2A4D}.Release|Any CPU.Build.0 = Release|Any CPU
	EndGlobalSection
	GlobalSection(SolutionProperties) = preSolution
		HideSolutionNode = FALSE
	EndGlobalSection
	GlobalSection(ExtensibilityGlobals) = postSolution
		SolutionGuid = {96580969-4D0A-4DC3-938B-7DB719F20611}
	EndGlobalSection
EndGlobal
