
Microsoft Visual Studio Solution File, Format Version 12.00
# Visual Studio Version 17
VisualStudioVersion = 17.8.34330.188
MinimumVisualStudioVersion = 10.0.40219.1
Project("{FAE04EC0-301F-11D3-BF4B-00C04F79EFBC}") = "Class3", "Class3.csproj", "{913B7D9B-DB39-4969-A88D-A086B0FDF19D}"
EndProject
Global
	GlobalSection(SolutionConfigurationPlatforms) = preSolution
		Debug|Any CPU = Debug|Any CPU
		Release|Any CPU = Release|Any CPU
	EndGlobalSection
	GlobalSection(ProjectConfigurationPlatforms) = postSolution
		{913B7D9B-DB39-4969-A88D-A086B0FDF19D}.Debug|Any CPU.ActiveCfg = Debug|Any CPU
		{913B7D9B-DB39-4969-A88D-A086B0FDF19D}.Debug|Any CPU.Build.0 = Debug|Any CPU
		{913B7D9B-DB39-4969-A88D-A086B0FDF19D}.Release|Any CPU.ActiveCfg = Release|Any CPU
		{913B7D9B-DB39-4969-A88D-A086B0FDF19D}.Release|Any CPU.Build.0 = Release|Any CPU
	EndGlobalSection
	GlobalSection(SolutionProperties) = preSolution
		HideSolutionNode = FALSE
	EndGlobalSection
	GlobalSection(ExtensibilityGlobals) = postSolution
		SolutionGuid = {AD18D4C5-E1F9-4D3E-9CF4-CBA62801E9A7}
	EndGlobalSection
EndGlobal
