
Microsoft Visual Studio Solution File, Format Version 12.00
# Visual Studio Version 17
VisualStudioVersion = 17.8.34330.188
MinimumVisualStudioVersion = 10.0.40219.1
Project("{FAE04EC0-301F-11D3-BF4B-00C04F79EFBC}") = "Donguler", "Donguler.csproj", "{206522D6-A6DD-4FC1-8892-2A6F0839DA17}"
EndProject
Global
	GlobalSection(SolutionConfigurationPlatforms) = preSolution
		Debug|Any CPU = Debug|Any CPU
		Release|Any CPU = Release|Any CPU
	EndGlobalSection
	GlobalSection(ProjectConfigurationPlatforms) = postSolution
		{206522D6-A6DD-4FC1-8892-2A6F0839DA17}.Debug|Any CPU.ActiveCfg = Debug|Any CPU
		{206522D6-A6DD-4FC1-8892-2A6F0839DA17}.Debug|Any CPU.Build.0 = Debug|Any CPU
		{206522D6-A6DD-4FC1-8892-2A6F0839DA17}.Release|Any CPU.ActiveCfg = Release|Any CPU
		{206522D6-A6DD-4FC1-8892-2A6F0839DA17}.Release|Any CPU.Build.0 = Release|Any CPU
	EndGlobalSection
	GlobalSection(SolutionProperties) = preSolution
		HideSolutionNode = FALSE
	EndGlobalSection
	GlobalSection(ExtensibilityGlobals) = postSolution
		SolutionGuid = {BC7FBB05-7879-4A45-A404-2BB7C7B56EF9}
	EndGlobalSection
EndGlobal
